{
  "projects": [
    {
      "projectId": "gS723KBs8x5omAV7ASVLNy",
      "version": "latest",
      "dependencies": {},
      "lang": "ts",
      "fileLocks": [
        {
          "type": "globalVariant",
          "assetId": "Jxdw_uynpNS-",
          "checksum": "1443020724ad8d5531561c828c373d98"
        },
        {
          "type": "renderModule",
          "assetId": "eHyEteyxdPfL",
          "checksum": "cc2f75a35c2c7d188559587884c6fd10"
        },
        {
          "type": "cssRules",
          "assetId": "eHyEteyxdPfL",
          "checksum": "cc2f75a35c2c7d188559587884c6fd10"
        },
        {
          "type": "icon",
          "assetId": "QA7oyg_LwP_O",
          "checksum": "a006e530d1774666d35d0620ed6cf111"
        },
        {
          "type": "icon",
          "assetId": "lyEweNi5klSC",
          "checksum": "429a6a7baf5f961087ed6167b98da769"
        },
        {
          "type": "image",
          "assetId": "t2QIrgPOLh3R",
          "checksum": "0a7d2bc6c6bffcabf7ab6aeee5a1ba55"
        },
        {
          "type": "image",
          "assetId": "YgJhPtq9b2TA",
          "checksum": "a45f98c896d8ad3500f41e709f30118e"
        },
        {
          "assetId": "gS723KBs8x5omAV7ASVLNy",
          "type": "projectCss",
          "checksum": "4e2df63054e28ea40145c65310d9f553"
        }
      ],
      "codegenVersion": "0.0.1"
    }
  ],
  "cliVersion": "0.1.329"
}
